
Microsoft Visual Studio Solution File, Format Version 12.00
# Visual Studio Version 17
VisualStudioVersion = 17.0.31903.59
MinimumVisualStudioVersion = 10.0.40219.1
Project("{FAE04EC0-301F-11D3-BF4B-00C04F79EFBC}") = "NearsureApp.Api", "NearsureApp.Api\NearsureApp.Api.csproj", "{AD0F3FDD-5D70-4141-8B50-54E4AFAC28BD}"
EndProject
Project("{FAE04EC0-301F-11D3-BF4B-00C04F79EFBC}") = "NearsureApp.Domain", "NearsureApp.Domain\NearsureApp.Domain.csproj", "{1065DC07-D832-4B74-BE46-4AECC7AEA234}"
EndProject
Project("{FAE04EC0-301F-11D3-BF4B-00C04F79EFBC}") = "NearsureApp.Application", "NearsureApp.Application\NearsureApp.Application.csproj", "{40FB720C-7AD1-450E-85B6-AC93792C025C}"
EndProject
Project("{FAE04EC0-301F-11D3-BF4B-00C04F79EFBC}") = "NearsureApp.Infrastructure", "NearsureApp.Infrastructure\NearsureApp.Infrastructure.csproj", "{86C9B6B8-8CDA-433D-802E-62E3A5AF85D1}"
EndProject
Global
	GlobalSection(SolutionConfigurationPlatforms) = preSolution
		Debug|Any CPU = Debug|Any CPU
		Release|Any CPU = Release|Any CPU
	EndGlobalSection
	GlobalSection(SolutionProperties) = preSolution
		HideSolutionNode = FALSE
	EndGlobalSection
	GlobalSection(ProjectConfigurationPlatforms) = postSolution
		{AD0F3FDD-5D70-4141-8B50-54E4AFAC28BD}.Debug|Any CPU.ActiveCfg = Debug|Any CPU
		{AD0F3FDD-5D70-4141-8B50-54E4AFAC28BD}.Debug|Any CPU.Build.0 = Debug|Any CPU
		{AD0F3FDD-5D70-4141-8B50-54E4AFAC28BD}.Release|Any CPU.ActiveCfg = Release|Any CPU
		{AD0F3FDD-5D70-4141-8B50-54E4AFAC28BD}.Release|Any CPU.Build.0 = Release|Any CPU
		{1065DC07-D832-4B74-BE46-4AECC7AEA234}.Debug|Any CPU.ActiveCfg = Debug|Any CPU
		{1065DC07-D832-4B74-BE46-4AECC7AEA234}.Debug|Any CPU.Build.0 = Debug|Any CPU
		{1065DC07-D832-4B74-BE46-4AECC7AEA234}.Release|Any CPU.ActiveCfg = Release|Any CPU
		{1065DC07-D832-4B74-BE46-4AECC7AEA234}.Release|Any CPU.Build.0 = Release|Any CPU
		{40FB720C-7AD1-450E-85B6-AC93792C025C}.Debug|Any CPU.ActiveCfg = Debug|Any CPU
		{40FB720C-7AD1-450E-85B6-AC93792C025C}.Debug|Any CPU.Build.0 = Debug|Any CPU
		{40FB720C-7AD1-450E-85B6-AC93792C025C}.Release|Any CPU.ActiveCfg = Release|Any CPU
		{40FB720C-7AD1-450E-85B6-AC93792C025C}.Release|Any CPU.Build.0 = Release|Any CPU
		{86C9B6B8-8CDA-433D-802E-62E3A5AF85D1}.Debug|Any CPU.ActiveCfg = Debug|Any CPU
		{86C9B6B8-8CDA-433D-802E-62E3A5AF85D1}.Debug|Any CPU.Build.0 = Debug|Any CPU
		{86C9B6B8-8CDA-433D-802E-62E3A5AF85D1}.Release|Any CPU.ActiveCfg = Release|Any CPU
		{86C9B6B8-8CDA-433D-802E-62E3A5AF85D1}.Release|Any CPU.Build.0 = Release|Any CPU
	EndGlobalSection
EndGlobal
